
Microsoft Visual Studio Solution File, Format Version 12.00
# Visual Studio Version 17
VisualStudioVersion = 17.14.36109.1 d17.14
MinimumVisualStudioVersion = 10.0.40219.1
Project("{FAE04EC0-301F-11D3-BF4B-00C04F79EFBC}") = "MercenaryGuild", "MercenaryGuild\MercenaryGuild.csproj", "{BAC6707B-CFD8-4938-B554-CAF608601419}"
EndProject
Global
	GlobalSection(SolutionConfigurationPlatforms) = preSolution
		Debug|Any CPU = Debug|Any CPU
		Release|Any CPU = Release|Any CPU
	EndGlobalSection
	GlobalSection(ProjectConfigurationPlatforms) = postSolution
		{BAC6707B-CFD8-4938-B554-CAF608601419}.Debug|Any CPU.ActiveCfg = Debug|Any CPU
		{BAC6707B-CFD8-4938-B554-CAF608601419}.Debug|Any CPU.Build.0 = Debug|Any CPU
		{BAC6707B-CFD8-4938-B554-CAF608601419}.Release|Any CPU.ActiveCfg = Release|Any CPU
		{BAC6707B-CFD8-4938-B554-CAF608601419}.Release|Any CPU.Build.0 = Release|Any CPU
	EndGlobalSection
	GlobalSection(SolutionProperties) = preSolution
		HideSolutionNode = FALSE
	EndGlobalSection
	GlobalSection(ExtensibilityGlobals) = postSolution
		SolutionGuid = {4341E967-C4C4-4DCF-803B-8AC2FD1DBB4F}
	EndGlobalSection
EndGlobal
